// !$*UTF8*$!
{
	archiveVersion = 1;
	classes = {
	};
	objectVersion = 46;
	objects = {

/* Begin PBXBuildFile section */
		D38CD3D01A26A12400B6CB20 /* Squeal.framework in Embed Frameworks */ = {isa = PBXBuildFile; fileRef = D3C968011A26A0090010F22A /* Squeal.framework */; settings = {ATTRIBUTES = (CodeSignOnCopy, RemoveHeadersOnCopy, ); }; };
		D38CD3D31A26B4B800B6CB20 /* Squeal-iOS.h in Embed Frameworks */ = {isa = PBXBuildFile; fileRef = D3C967DC1A26A0090010F22A /* Squeal-iOS.h */; };
		D515D00C19CFFDB600BF7F1A /* AppDelegate.swift in Sources */ = {isa = PBXBuildFile; fileRef = D515D00B19CFFDB600BF7F1A /* AppDelegate.swift */; };
		D515D00E19CFFDB600BF7F1A /* ViewController.swift in Sources */ = {isa = PBXBuildFile; fileRef = D515D00D19CFFDB600BF7F1A /* ViewController.swift */; };
		D515D01119CFFDB600BF7F1A /* Main.storyboard in Resources */ = {isa = PBXBuildFile; fileRef = D515D00F19CFFDB600BF7F1A /* Main.storyboard */; };
		D515D01319CFFDB600BF7F1A /* Images.xcassets in Resources */ = {isa = PBXBuildFile; fileRef = D515D01219CFFDB600BF7F1A /* Images.xcassets */; };
		D515D01619CFFDB600BF7F1A /* LaunchScreen.xib in Resources */ = {isa = PBXBuildFile; fileRef = D515D01419CFFDB600BF7F1A /* LaunchScreen.xib */; };
		D515D02219CFFDB600BF7F1A /* Homework1Tests.swift in Sources */ = {isa = PBXBuildFile; fileRef = D515D02119CFFDB600BF7F1A /* Homework1Tests.swift */; };
		D57F69371A253B1E0095EA43 /* User.swift in Sources */ = {isa = PBXBuildFile; fileRef = D57F69361A253B1E0095EA43 /* User.swift */; };
		D57F69391A253BE20095EA43 /* DatabaseService.swift in Sources */ = {isa = PBXBuildFile; fileRef = D57F69381A253BE20095EA43 /* DatabaseService.swift */; };
		D5E62DF61A242CB200176D9F /* SecondaryViewController.swift in Sources */ = {isa = PBXBuildFile; fileRef = D5E62DF51A242CB200176D9F /* SecondaryViewController.swift */; };
/* End PBXBuildFile section */

/* Begin PBXContainerItemProxy section */
		D38CD3D11A26B48C00B6CB20 /* PBXContainerItemProxy */ = {
			isa = PBXContainerItemProxy;
			containerPortal = D3C967DF1A26A0090010F22A /* Squeal.xcodeproj */;
			proxyType = 1;
			remoteGlobalIDString = CDCBEB4B19C5F6F500862BFD;
			remoteInfo = "Squeal-iOS";
		};
		D3C967FC1A26A0090010F22A /* PBXContainerItemProxy */ = {
			isa = PBXContainerItemProxy;
			containerPortal = D3C967DF1A26A0090010F22A /* Squeal.xcodeproj */;
			proxyType = 2;
			remoteGlobalIDString = CD7247F71996880300151E1E;
			remoteInfo = "Squeal-OSX";
		};
		D3C967FE1A26A0090010F22A /* PBXContainerItemProxy */ = {
			isa = PBXContainerItemProxy;
			containerPortal = D3C967DF1A26A0090010F22A /* Squeal.xcodeproj */;
			proxyType = 2;
			remoteGlobalIDString = CD7248021996880300151E1E;
			remoteInfo = "Squeal-OSXTests";
		};
		D3C968001A26A0090010F22A /* PBXContainerItemProxy */ = {
			isa = PBXContainerItemProxy;
			containerPortal = D3C967DF1A26A0090010F22A /* Squeal.xcodeproj */;
			proxyType = 2;
			remoteGlobalIDString = CDCBEB4C19C5F6F500862BFD;
			remoteInfo = "Squeal-iOS";
		};
		D3C968021A26A0090010F22A /* PBXContainerItemProxy */ = {
			isa = PBXContainerItemProxy;
			containerPortal = D3C967DF1A26A0090010F22A /* Squeal.xcodeproj */;
			proxyType = 2;
			remoteGlobalIDString = CDCBEB5619C5F6F500862BFD;
			remoteInfo = "Squeal-iOSTests";
		};
		D3C968041A26A0090010F22A /* PBXContainerItemProxy */ = {
			isa = PBXContainerItemProxy;
			containerPortal = D3C967DF1A26A0090010F22A /* Squeal.xcodeproj */;
			proxyType = 2;
			remoteGlobalIDString = CD3DE27919BCD44B00DED437;
			remoteInfo = "SquealSpecHelpers-OSX";
		};
		D3C968061A26A0090010F22A /* PBXContainerItemProxy */ = {
			isa = PBXContainerItemProxy;
			containerPortal = D3C967DF1A26A0090010F22A /* Squeal.xcodeproj */;
			proxyType = 2;
			remoteGlobalIDString = CDCBEB7019C5F77900862BFD;
			remoteInfo = "SquealSpecHelpers-iOS";
		};
		D515D01C19CFFDB600BF7F1A /* PBXContainerItemProxy */ = {
			isa = PBXContainerItemProxy;
			containerPortal = D515CFFE19CFFDB600BF7F1A /* Project object */;
			proxyType = 1;
			remoteGlobalIDString = D515D00519CFFDB600BF7F1A;
			remoteInfo = Homework1;
		};
		D57F69451A26169E0095EA43 /* PBXContainerItemProxy */ = {
			isa = PBXContainerItemProxy;
			containerPortal = D57F693A1A26169D0095EA43 /* Squeal.xcodeproj */;
			proxyType = 2;
			remoteGlobalIDString = CD7247F71996880300151E1E;
			remoteInfo = "Squeal-OSX";
		};
		D57F69471A26169E0095EA43 /* PBXContainerItemProxy */ = {
			isa = PBXContainerItemProxy;
			containerPortal = D57F693A1A26169D0095EA43 /* Squeal.xcodeproj */;
			proxyType = 2;
			remoteGlobalIDString = CD7248021996880300151E1E;
			remoteInfo = "Squeal-OSXTests";
		};
		D57F69491A26169E0095EA43 /* PBXContainerItemProxy */ = {
			isa = PBXContainerItemProxy;
			containerPortal = D57F693A1A26169D0095EA43 /* Squeal.xcodeproj */;
			proxyType = 2;
			remoteGlobalIDString = CDCBEB4C19C5F6F500862BFD;
			remoteInfo = "Squeal-iOS";
		};
		D57F694B1A26169E0095EA43 /* PBXContainerItemProxy */ = {
			isa = PBXContainerItemProxy;
			containerPortal = D57F693A1A26169D0095EA43 /* Squeal.xcodeproj */;
			proxyType = 2;
			remoteGlobalIDString = CDCBEB5619C5F6F500862BFD;
			remoteInfo = "Squeal-iOSTests";
		};
		D57F694D1A26169E0095EA43 /* PBXContainerItemProxy */ = {
			isa = PBXContainerItemProxy;
			containerPortal = D57F693A1A26169D0095EA43 /* Squeal.xcodeproj */;
			proxyType = 2;
			remoteGlobalIDString = CD3DE27919BCD44B00DED437;
			remoteInfo = "SquealSpecHelpers-OSX";
		};
		D57F694F1A26169E0095EA43 /* PBXContainerItemProxy */ = {
			isa = PBXContainerItemProxy;
			containerPortal = D57F693A1A26169D0095EA43 /* Squeal.xcodeproj */;
			proxyType = 2;
			remoteGlobalIDString = CDCBEB7019C5F77900862BFD;
			remoteInfo = "SquealSpecHelpers-iOS";
		};
/* End PBXContainerItemProxy section */

/* Begin PBXCopyFilesBuildPhase section */
		D396431B1A26948800FC8F3D /* Embed Frameworks */ = {
			isa = PBXCopyFilesBuildPhase;
			buildActionMask = 2147483647;
			dstPath = "";
			dstSubfolderSpec = 10;
			files = (
				D38CD3D31A26B4B800B6CB20 /* Squeal-iOS.h in Embed Frameworks */,
				D38CD3D01A26A12400B6CB20 /* Squeal.framework in Embed Frameworks */,
			);
			name = "Embed Frameworks";
			runOnlyForDeploymentPostprocessing = 0;
		};
/* End PBXCopyFilesBuildPhase section */

/* Begin PBXFileReference section */
		D3C967C31A26A0090010F22A /* .gitignore */ = {isa = PBXFileReference; lastKnownFileType = text; path = .gitignore; sourceTree = "<group>"; };
		D3C967C41A26A0090010F22A /* .gitmodules */ = {isa = PBXFileReference; lastKnownFileType = text; path = .gitmodules; sourceTree = "<group>"; };
		D3C967C81A26A0090010F22A /* LICENSE.txt */ = {isa = PBXFileReference; lastKnownFileType = text; path = LICENSE.txt; sourceTree = "<group>"; };
		D3C967CA1A26A0090010F22A /* module.map */ = {isa = PBXFileReference; lastKnownFileType = "sourcecode.module-map"; path = module.map; sourceTree = "<group>"; };
		D3C967CB1A26A0090010F22A /* README.md */ = {isa = PBXFileReference; lastKnownFileType = net.daringfireball.markdown; path = README.md; sourceTree = "<group>"; };
		D3C967CD1A26A0090010F22A /* Bindable.swift */ = {isa = PBXFileReference; lastKnownFileType = sourcecode.swift; path = Bindable.swift; sourceTree = "<group>"; };
		D3C967CE1A26A0090010F22A /* Database.swift */ = {isa = PBXFileReference; lastKnownFileType = sourcecode.swift; path = Database.swift; sourceTree = "<group>"; };
		D3C967CF1A26A0090010F22A /* DatabasePool.swift */ = {isa = PBXFileReference; lastKnownFileType = sourcecode.swift; path = DatabasePool.swift; sourceTree = "<group>"; };
		D3C967D01A26A0090010F22A /* DeleteHelpers.swift */ = {isa = PBXFileReference; lastKnownFileType = sourcecode.swift; path = DeleteHelpers.swift; sourceTree = "<group>"; };
		D3C967D11A26A0090010F22A /* Errors.swift */ = {isa = PBXFileReference; lastKnownFileType = sourcecode.swift; path = Errors.swift; sourceTree = "<group>"; };
		D3C967D21A26A0090010F22A /* Info.plist */ = {isa = PBXFileReference; lastKnownFileType = text.plist.xml; path = Info.plist; sourceTree = "<group>"; };
		D3C967D31A26A0090010F22A /* InsertHelpers.swift */ = {isa = PBXFileReference; lastKnownFileType = sourcecode.swift; path = InsertHelpers.swift; sourceTree = "<group>"; };
		D3C967D41A26A0090010F22A /* SchemaHelpers.swift */ = {isa = PBXFileReference; lastKnownFileType = sourcecode.swift; path = SchemaHelpers.swift; sourceTree = "<group>"; };
		D3C967D51A26A0090010F22A /* SelectHelpers.swift */ = {isa = PBXFileReference; lastKnownFileType = sourcecode.swift; path = SelectHelpers.swift; sourceTree = "<group>"; };
		D3C967D61A26A0090010F22A /* Squeal.h */ = {isa = PBXFileReference; lastKnownFileType = sourcecode.c.h; path = Squeal.h; sourceTree = "<group>"; };
		D3C967D71A26A0090010F22A /* Statement.swift */ = {isa = PBXFileReference; lastKnownFileType = sourcecode.swift; path = Statement.swift; sourceTree = "<group>"; };
		D3C967D81A26A0090010F22A /* TransactionHelpers.swift */ = {isa = PBXFileReference; lastKnownFileType = sourcecode.swift; path = TransactionHelpers.swift; sourceTree = "<group>"; };
		D3C967D91A26A0090010F22A /* UpdateHelpers.swift */ = {isa = PBXFileReference; lastKnownFileType = sourcecode.swift; path = UpdateHelpers.swift; sourceTree = "<group>"; };
		D3C967DB1A26A0090010F22A /* Info.plist */ = {isa = PBXFileReference; lastKnownFileType = text.plist.xml; path = Info.plist; sourceTree = "<group>"; };
		D3C967DC1A26A0090010F22A /* Squeal-iOS.h */ = {isa = PBXFileReference; lastKnownFileType = sourcecode.c.h; path = "Squeal-iOS.h"; sourceTree = "<group>"; };
		D3C967DE1A26A0090010F22A /* Info.plist */ = {isa = PBXFileReference; lastKnownFileType = text.plist.xml; path = Info.plist; sourceTree = "<group>"; };
		D3C967DF1A26A0090010F22A /* Squeal.xcodeproj */ = {isa = PBXFileReference; lastKnownFileType = "wrapper.pb-project"; path = Squeal.xcodeproj; sourceTree = "<group>"; };
		D3C967E31A26A0090010F22A /* DatabaseSpecHelpers.swift */ = {isa = PBXFileReference; lastKnownFileType = sourcecode.swift; path = DatabaseSpecHelpers.swift; sourceTree = "<group>"; };
		D3C967E41A26A0090010F22A /* Info.plist */ = {isa = PBXFileReference; lastKnownFileType = text.plist.xml; path = Info.plist; sourceTree = "<group>"; };
		D3C967E51A26A0090010F22A /* SquealSpecHelpers.h */ = {isa = PBXFileReference; lastKnownFileType = sourcecode.c.h; path = SquealSpecHelpers.h; sourceTree = "<group>"; };
		D3C967E61A26A0090010F22A /* StatementSpecHelpers.swift */ = {isa = PBXFileReference; lastKnownFileType = sourcecode.swift; path = StatementSpecHelpers.swift; sourceTree = "<group>"; };
		D3C967E81A26A0090010F22A /* Info.plist */ = {isa = PBXFileReference; lastKnownFileType = text.plist.xml; path = Info.plist; sourceTree = "<group>"; };
		D3C967E91A26A0090010F22A /* SquealSpecHelpers-iOS.h */ = {isa = PBXFileReference; lastKnownFileType = sourcecode.c.h; path = "SquealSpecHelpers-iOS.h"; sourceTree = "<group>"; };
		D3C967EB1A26A0090010F22A /* BindableSpec.swift */ = {isa = PBXFileReference; lastKnownFileType = sourcecode.swift; path = BindableSpec.swift; sourceTree = "<group>"; };
		D3C967EC1A26A0090010F22A /* DatabasePoolSpec.swift */ = {isa = PBXFileReference; lastKnownFileType = sourcecode.swift; path = DatabasePoolSpec.swift; sourceTree = "<group>"; };
		D3C967ED1A26A0090010F22A /* DatabaseSpec.swift */ = {isa = PBXFileReference; lastKnownFileType = sourcecode.swift; path = DatabaseSpec.swift; sourceTree = "<group>"; };
		D3C967EE1A26A0090010F22A /* DeleteHelpersSpec.swift */ = {isa = PBXFileReference; lastKnownFileType = sourcecode.swift; path = DeleteHelpersSpec.swift; sourceTree = "<group>"; };
		D3C967EF1A26A0090010F22A /* Info.plist */ = {isa = PBXFileReference; lastKnownFileType = text.plist.xml; path = Info.plist; sourceTree = "<group>"; };
		D3C967F01A26A0090010F22A /* InsertHelpersSpec.swift */ = {isa = PBXFileReference; lastKnownFileType = sourcecode.swift; path = InsertHelpersSpec.swift; sourceTree = "<group>"; };
		D3C967F11A26A0090010F22A /* SchemaHelpersSpec.swift */ = {isa = PBXFileReference; lastKnownFileType = sourcecode.swift; path = SchemaHelpersSpec.swift; sourceTree = "<group>"; };
		D3C967F21A26A0090010F22A /* SelectHelpersSpec.swift */ = {isa = PBXFileReference; lastKnownFileType = sourcecode.swift; path = SelectHelpersSpec.swift; sourceTree = "<group>"; };
		D3C967F31A26A0090010F22A /* StatementSpec.swift */ = {isa = PBXFileReference; lastKnownFileType = sourcecode.swift; path = StatementSpec.swift; sourceTree = "<group>"; };
		D3C967F41A26A0090010F22A /* TransactionHelpersSpec.swift */ = {isa = PBXFileReference; lastKnownFileType = sourcecode.swift; path = TransactionHelpersSpec.swift; sourceTree = "<group>"; };
		D3C967F51A26A0090010F22A /* UpdateHelpersSpec.swift */ = {isa = PBXFileReference; lastKnownFileType = sourcecode.swift; path = UpdateHelpersSpec.swift; sourceTree = "<group>"; };
		D515D00619CFFDB600BF7F1A /* Homework1.app */ = {isa = PBXFileReference; explicitFileType = wrapper.application; includeInIndex = 0; path = Homework1.app; sourceTree = BUILT_PRODUCTS_DIR; };
		D515D00A19CFFDB600BF7F1A /* Info.plist */ = {isa = PBXFileReference; lastKnownFileType = text.plist.xml; path = Info.plist; sourceTree = "<group>"; };
		D515D00B19CFFDB600BF7F1A /* AppDelegate.swift */ = {isa = PBXFileReference; lastKnownFileType = sourcecode.swift; path = AppDelegate.swift; sourceTree = "<group>"; };
		D515D00D19CFFDB600BF7F1A /* ViewController.swift */ = {isa = PBXFileReference; lastKnownFileType = sourcecode.swift; path = ViewController.swift; sourceTree = "<group>"; };
		D515D01019CFFDB600BF7F1A /* Base */ = {isa = PBXFileReference; lastKnownFileType = file.storyboard; name = Base; path = Base.lproj/Main.storyboard; sourceTree = "<group>"; };
		D515D01219CFFDB600BF7F1A /* Images.xcassets */ = {isa = PBXFileReference; lastKnownFileType = folder.assetcatalog; path = Images.xcassets; sourceTree = "<group>"; };
		D515D01519CFFDB600BF7F1A /* Base */ = {isa = PBXFileReference; lastKnownFileType = file.xib; name = Base; path = Base.lproj/LaunchScreen.xib; sourceTree = "<group>"; };
		D515D01B19CFFDB600BF7F1A /* Homework1Tests.xctest */ = {isa = PBXFileReference; explicitFileType = wrapper.cfbundle; includeInIndex = 0; path = Homework1Tests.xctest; sourceTree = BUILT_PRODUCTS_DIR; };
		D515D02019CFFDB600BF7F1A /* Info.plist */ = {isa = PBXFileReference; lastKnownFileType = text.plist.xml; path = Info.plist; sourceTree = "<group>"; };
		D515D02119CFFDB600BF7F1A /* Homework1Tests.swift */ = {isa = PBXFileReference; lastKnownFileType = sourcecode.swift; path = Homework1Tests.swift; sourceTree = "<group>"; };
		D57F69361A253B1E0095EA43 /* User.swift */ = {isa = PBXFileReference; fileEncoding = 4; lastKnownFileType = sourcecode.swift; path = User.swift; sourceTree = "<group>"; };
		D57F69381A253BE20095EA43 /* DatabaseService.swift */ = {isa = PBXFileReference; fileEncoding = 4; lastKnownFileType = sourcecode.swift; path = DatabaseService.swift; sourceTree = "<group>"; };
		D57F693A1A26169D0095EA43 /* Squeal.xcodeproj */ = {isa = PBXFileReference; lastKnownFileType = "wrapper.pb-project"; name = Squeal.xcodeproj; path = Externals/Squeal/Squeal.xcodeproj; sourceTree = SOURCE_ROOT; };
		D5E62DF51A242CB200176D9F /* SecondaryViewController.swift */ = {isa = PBXFileReference; fileEncoding = 4; lastKnownFileType = sourcecode.swift; name = SecondaryViewController.swift; path = ../SecondaryViewController.swift; sourceTree = "<group>"; };
/* End PBXFileReference section */

/* Begin PBXFrameworksBuildPhase section */
		D515D00319CFFDB600BF7F1A /* Frameworks */ = {
			isa = PBXFrameworksBuildPhase;
			buildActionMask = 2147483647;
			files = (
			);
			runOnlyForDeploymentPostprocessing = 0;
		};
		D515D01819CFFDB600BF7F1A /* Frameworks */ = {
			isa = PBXFrameworksBuildPhase;
			buildActionMask = 2147483647;
			files = (
			);
			runOnlyForDeploymentPostprocessing = 0;
		};
/* End PBXFrameworksBuildPhase section */

/* Begin PBXGroup section */
		D3C967C21A26A0090010F22A /* Squeal */ = {
			isa = PBXGroup;
			children = (
				D3C967C31A26A0090010F22A /* .gitignore */,
				D3C967C41A26A0090010F22A /* .gitmodules */,
				D3C967C51A26A0090010F22A /* Externals */,
				D3C967C81A26A0090010F22A /* LICENSE.txt */,
				D3C967C91A26A0090010F22A /* modules */,
				D3C967CB1A26A0090010F22A /* README.md */,
				D3C967CC1A26A0090010F22A /* Squeal */,
				D3C967DA1A26A0090010F22A /* Squeal-iOS */,
				D3C967DD1A26A0090010F22A /* Squeal-iOSTests */,
				D3C967DF1A26A0090010F22A /* Squeal.xcodeproj */,
				D3C967E21A26A0090010F22A /* SquealSpecHelpers */,
				D3C967E71A26A0090010F22A /* SquealSpecHelpers-iOS */,
				D3C967EA1A26A0090010F22A /* SquealTests */,
			);
			name = Squeal;
			path = Externals/Squeal;
			sourceTree = "<group>";
		};
		D3C967C51A26A0090010F22A /* Externals */ = {
			isa = PBXGroup;
			children = (
				D3C967C61A26A0090010F22A /* Nimble */,
				D3C967C71A26A0090010F22A /* Quick */,
			);
			path = Externals;
			sourceTree = "<group>";
		};
		D3C967C61A26A0090010F22A /* Nimble */ = {
			isa = PBXGroup;
			children = (
			);
			path = Nimble;
			sourceTree = "<group>";
		};
		D3C967C71A26A0090010F22A /* Quick */ = {
			isa = PBXGroup;
			children = (
			);
			path = Quick;
			sourceTree = "<group>";
		};
		D3C967C91A26A0090010F22A /* modules */ = {
			isa = PBXGroup;
			children = (
				D3C967CA1A26A0090010F22A /* module.map */,
			);
			path = modules;
			sourceTree = "<group>";
		};
		D3C967CC1A26A0090010F22A /* Squeal */ = {
			isa = PBXGroup;
			children = (
				D3C967CD1A26A0090010F22A /* Bindable.swift */,
				D3C967CE1A26A0090010F22A /* Database.swift */,
				D3C967CF1A26A0090010F22A /* DatabasePool.swift */,
				D3C967D01A26A0090010F22A /* DeleteHelpers.swift */,
				D3C967D11A26A0090010F22A /* Errors.swift */,
				D3C967D21A26A0090010F22A /* Info.plist */,
				D3C967D31A26A0090010F22A /* InsertHelpers.swift */,
				D3C967D41A26A0090010F22A /* SchemaHelpers.swift */,
				D3C967D51A26A0090010F22A /* SelectHelpers.swift */,
				D3C967D61A26A0090010F22A /* Squeal.h */,
				D3C967D71A26A0090010F22A /* Statement.swift */,
				D3C967D81A26A0090010F22A /* TransactionHelpers.swift */,
				D3C967D91A26A0090010F22A /* UpdateHelpers.swift */,
			);
			path = Squeal;
			sourceTree = "<group>";
		};
		D3C967DA1A26A0090010F22A /* Squeal-iOS */ = {
			isa = PBXGroup;
			children = (
				D3C967DB1A26A0090010F22A /* Info.plist */,
				D3C967DC1A26A0090010F22A /* Squeal-iOS.h */,
			);
			path = "Squeal-iOS";
			sourceTree = "<group>";
		};
		D3C967DD1A26A0090010F22A /* Squeal-iOSTests */ = {
			isa = PBXGroup;
			children = (
				D3C967DE1A26A0090010F22A /* Info.plist */,
			);
			path = "Squeal-iOSTests";
			sourceTree = "<group>";
		};
		D3C967E01A26A0090010F22A /* Products */ = {
			isa = PBXGroup;
			children = (
				D3C967FD1A26A0090010F22A /* Squeal.framework */,
				D3C967FF1A26A0090010F22A /* Squeal-OSXTests.xctest */,
				D3C968011A26A0090010F22A /* Squeal.framework */,
				D3C968031A26A0090010F22A /* Squeal-iOSTests.xctest */,
				D3C968051A26A0090010F22A /* SquealSpecHelpers.framework */,
				D3C968071A26A0090010F22A /* SquealSpecHelpers.framework */,
			);
			name = Products;
			sourceTree = "<group>";
		};
		D3C967E21A26A0090010F22A /* SquealSpecHelpers */ = {
			isa = PBXGroup;
			children = (
				D3C967E31A26A0090010F22A /* DatabaseSpecHelpers.swift */,
				D3C967E41A26A0090010F22A /* Info.plist */,
				D3C967E51A26A0090010F22A /* SquealSpecHelpers.h */,
				D3C967E61A26A0090010F22A /* StatementSpecHelpers.swift */,
			);
			path = SquealSpecHelpers;
			sourceTree = "<group>";
		};
		D3C967E71A26A0090010F22A /* SquealSpecHelpers-iOS */ = {
			isa = PBXGroup;
			children = (
				D3C967E81A26A0090010F22A /* Info.plist */,
				D3C967E91A26A0090010F22A /* SquealSpecHelpers-iOS.h */,
			);
			path = "SquealSpecHelpers-iOS";
			sourceTree = "<group>";
		};
		D3C967EA1A26A0090010F22A /* SquealTests */ = {
			isa = PBXGroup;
			children = (
				D3C967EB1A26A0090010F22A /* BindableSpec.swift */,
				D3C967EC1A26A0090010F22A /* DatabasePoolSpec.swift */,
				D3C967ED1A26A0090010F22A /* DatabaseSpec.swift */,
				D3C967EE1A26A0090010F22A /* DeleteHelpersSpec.swift */,
				D3C967EF1A26A0090010F22A /* Info.plist */,
				D3C967F01A26A0090010F22A /* InsertHelpersSpec.swift */,
				D3C967F11A26A0090010F22A /* SchemaHelpersSpec.swift */,
				D3C967F21A26A0090010F22A /* SelectHelpersSpec.swift */,
				D3C967F31A26A0090010F22A /* StatementSpec.swift */,
				D3C967F41A26A0090010F22A /* TransactionHelpersSpec.swift */,
				D3C967F51A26A0090010F22A /* UpdateHelpersSpec.swift */,
			);
			path = SquealTests;
			sourceTree = "<group>";
		};
		D515CFFD19CFFDB600BF7F1A = {
			isa = PBXGroup;
			children = (
				D3C967C21A26A0090010F22A /* Squeal */,
				D515D00819CFFDB600BF7F1A /* Homework1 */,
				D515D01E19CFFDB600BF7F1A /* Homework1Tests */,
				D515D00719CFFDB600BF7F1A /* Products */,
			);
			sourceTree = "<group>";
		};
		D515D00719CFFDB600BF7F1A /* Products */ = {
			isa = PBXGroup;
			children = (
				D515D00619CFFDB600BF7F1A /* Homework1.app */,
				D515D01B19CFFDB600BF7F1A /* Homework1Tests.xctest */,
			);
			name = Products;
			sourceTree = "<group>";
		};
		D515D00819CFFDB600BF7F1A /* Homework1 */ = {
			isa = PBXGroup;
			children = (
				D57F69361A253B1E0095EA43 /* User.swift */,
				D57F69381A253BE20095EA43 /* DatabaseService.swift */,
				D5E62DF51A242CB200176D9F /* SecondaryViewController.swift */,
				D515D00B19CFFDB600BF7F1A /* AppDelegate.swift */,
				D515D00D19CFFDB600BF7F1A /* ViewController.swift */,
				D515D00F19CFFDB600BF7F1A /* Main.storyboard */,
				D515D01219CFFDB600BF7F1A /* Images.xcassets */,
				D515D01419CFFDB600BF7F1A /* LaunchScreen.xib */,
				D57F693A1A26169D0095EA43 /* Squeal.xcodeproj */,
				D515D00919CFFDB600BF7F1A /* Supporting Files */,
			);
			path = Homework1;
			sourceTree = "<group>";
		};
		D515D00919CFFDB600BF7F1A /* Supporting Files */ = {
			isa = PBXGroup;
			children = (
				D515D00A19CFFDB600BF7F1A /* Info.plist */,
			);
			name = "Supporting Files";
			sourceTree = "<group>";
		};
		D515D01E19CFFDB600BF7F1A /* Homework1Tests */ = {
			isa = PBXGroup;
			children = (
				D515D02119CFFDB600BF7F1A /* Homework1Tests.swift */,
				D515D01F19CFFDB600BF7F1A /* Supporting Files */,
			);
			path = Homework1Tests;
			sourceTree = "<group>";
		};
		D515D01F19CFFDB600BF7F1A /* Supporting Files */ = {
			isa = PBXGroup;
			children = (
				D515D02019CFFDB600BF7F1A /* Info.plist */,
			);
			name = "Supporting Files";
			sourceTree = "<group>";
		};
		D57F693B1A26169D0095EA43 /* Products */ = {
			isa = PBXGroup;
			children = (
				D57F69461A26169E0095EA43 /* Squeal.framework */,
				D57F69481A26169E0095EA43 /* Squeal-OSXTests.xctest */,
				D57F694A1A26169E0095EA43 /* Squeal.framework */,
				D57F694C1A26169E0095EA43 /* Squeal-iOSTests.xctest */,
				D57F694E1A26169E0095EA43 /* SquealSpecHelpers.framework */,
				D57F69501A26169E0095EA43 /* SquealSpecHelpers.framework */,
			);
			name = Products;
			sourceTree = "<group>";
		};
/* End PBXGroup section */

/* Begin PBXNativeTarget section */
		D515D00519CFFDB600BF7F1A /* Homework1 */ = {
			isa = PBXNativeTarget;
			buildConfigurationList = D515D02519CFFDB600BF7F1A /* Build configuration list for PBXNativeTarget "Homework1" */;
			buildPhases = (
				D515D00219CFFDB600BF7F1A /* Sources */,
				D515D00319CFFDB600BF7F1A /* Frameworks */,
				D515D00419CFFDB600BF7F1A /* Resources */,
				D396431B1A26948800FC8F3D /* Embed Frameworks */,
			);
			buildRules = (
			);
			dependencies = (
				D38CD3D21A26B48C00B6CB20 /* PBXTargetDependency */,
			);
			name = Homework1;
			productName = Homework1;
			productReference = D515D00619CFFDB600BF7F1A /* Homework1.app */;
			productType = "com.apple.product-type.application";
		};
		D515D01A19CFFDB600BF7F1A /* Homework1Tests */ = {
			isa = PBXNativeTarget;
			buildConfigurationList = D515D02819CFFDB600BF7F1A /* Build configuration list for PBXNativeTarget "Homework1Tests" */;
			buildPhases = (
				D515D01719CFFDB600BF7F1A /* Sources */,
				D515D01819CFFDB600BF7F1A /* Frameworks */,
				D515D01919CFFDB600BF7F1A /* Resources */,
			);
			buildRules = (
			);
			dependencies = (
				D515D01D19CFFDB600BF7F1A /* PBXTargetDependency */,
			);
			name = Homework1Tests;
			productName = Homework1Tests;
			productReference = D515D01B19CFFDB600BF7F1A /* Homework1Tests.xctest */;
			productType = "com.apple.product-type.bundle.unit-test";
		};
/* End PBXNativeTarget section */

/* Begin PBXProject section */
		D515CFFE19CFFDB600BF7F1A /* Project object */ = {
			isa = PBXProject;
			attributes = {
				LastUpgradeCheck = 0600;
				ORGANIZATIONNAME = "Kieley, James P";
				TargetAttributes = {
					D515D00519CFFDB600BF7F1A = {
						CreatedOnToolsVersion = 6.0.1;
						DevelopmentTeam = 8G2T5J2353;
					};
					D515D01A19CFFDB600BF7F1A = {
						CreatedOnToolsVersion = 6.0.1;
						DevelopmentTeam = 8G2T5J2353;
						TestTargetID = D515D00519CFFDB600BF7F1A;
					};
				};
			};
			buildConfigurationList = D515D00119CFFDB600BF7F1A /* Build configuration list for PBXProject "Homework1" */;
			compatibilityVersion = "Xcode 3.2";
			developmentRegion = English;
			hasScannedForEncodings = 0;
			knownRegions = (
				en,
				Base,
			);
			mainGroup = D515CFFD19CFFDB600BF7F1A;
			productRefGroup = D515D00719CFFDB600BF7F1A /* Products */;
			projectDirPath = "";
			projectReferences = (
				{
					ProductGroup = D3C967E01A26A0090010F22A /* Products */;
					ProjectRef = D3C967DF1A26A0090010F22A /* Squeal.xcodeproj */;
				},
				{
					ProductGroup = D57F693B1A26169D0095EA43 /* Products */;
					ProjectRef = D57F693A1A26169D0095EA43 /* Squeal.xcodeproj */;
				},
			);
			projectRoot = "";
			targets = (
				D515D00519CFFDB600BF7F1A /* Homework1 */,
				D515D01A19CFFDB600BF7F1A /* Homework1Tests */,
			);
		};
/* End PBXProject section */

/* Begin PBXReferenceProxy section */
		D3C967FD1A26A0090010F22A /* Squeal.framework */ = {
			isa = PBXReferenceProxy;
			fileType = wrapper.framework;
			path = Squeal.framework;
			remoteRef = D3C967FC1A26A0090010F22A /* PBXContainerItemProxy */;
			sourceTree = BUILT_PRODUCTS_DIR;
		};
		D3C967FF1A26A0090010F22A /* Squeal-OSXTests.xctest */ = {
			isa = PBXReferenceProxy;
			fileType = wrapper.cfbundle;
			path = "Squeal-OSXTests.xctest";
			remoteRef = D3C967FE1A26A0090010F22A /* PBXContainerItemProxy */;
			sourceTree = BUILT_PRODUCTS_DIR;
		};
		D3C968011A26A0090010F22A /* Squeal.framework */ = {
			isa = PBXReferenceProxy;
			fileType = wrapper.framework;
			path = Squeal.framework;
			remoteRef = D3C968001A26A0090010F22A /* PBXContainerItemProxy */;
			sourceTree = BUILT_PRODUCTS_DIR;
		};
		D3C968031A26A0090010F22A /* Squeal-iOSTests.xctest */ = {
			isa = PBXReferenceProxy;
			fileType = wrapper.cfbundle;
			path = "Squeal-iOSTests.xctest";
			remoteRef = D3C968021A26A0090010F22A /* PBXContainerItemProxy */;
			sourceTree = BUILT_PRODUCTS_DIR;
		};
		D3C968051A26A0090010F22A /* SquealSpecHelpers.framework */ = {
			isa = PBXReferenceProxy;
			fileType = wrapper.framework;
			path = SquealSpecHelpers.framework;
			remoteRef = D3C968041A26A0090010F22A /* PBXContainerItemProxy */;
			sourceTree = BUILT_PRODUCTS_DIR;
		};
		D3C968071A26A0090010F22A /* SquealSpecHelpers.framework */ = {
			isa = PBXReferenceProxy;
			fileType = wrapper.framework;
			path = SquealSpecHelpers.framework;
			remoteRef = D3C968061A26A0090010F22A /* PBXContainerItemProxy */;
			sourceTree = BUILT_PRODUCTS_DIR;
		};
		D57F69461A26169E0095EA43 /* Squeal.framework */ = {
			isa = PBXReferenceProxy;
			fileType = wrapper.framework;
			path = Squeal.framework;
			remoteRef = D57F69451A26169E0095EA43 /* PBXContainerItemProxy */;
			sourceTree = BUILT_PRODUCTS_DIR;
		};
		D57F69481A26169E0095EA43 /* Squeal-OSXTests.xctest */ = {
			isa = PBXReferenceProxy;
			fileType = wrapper.cfbundle;
			path = "Squeal-OSXTests.xctest";
			remoteRef = D57F69471A26169E0095EA43 /* PBXContainerItemProxy */;
			sourceTree = BUILT_PRODUCTS_DIR;
		};
		D57F694A1A26169E0095EA43 /* Squeal.framework */ = {
			isa = PBXReferenceProxy;
			fileType = wrapper.framework;
			path = Squeal.framework;
			remoteRef = D57F69491A26169E0095EA43 /* PBXContainerItemProxy */;
			sourceTree = BUILT_PRODUCTS_DIR;
		};
		D57F694C1A26169E0095EA43 /* Squeal-iOSTests.xctest */ = {
			isa = PBXReferenceProxy;
			fileType = wrapper.cfbundle;
			path = "Squeal-iOSTests.xctest";
			remoteRef = D57F694B1A26169E0095EA43 /* PBXContainerItemProxy */;
			sourceTree = BUILT_PRODUCTS_DIR;
		};
		D57F694E1A26169E0095EA43 /* SquealSpecHelpers.framework */ = {
			isa = PBXReferenceProxy;
			fileType = wrapper.framework;
			path = SquealSpecHelpers.framework;
			remoteRef = D57F694D1A26169E0095EA43 /* PBXContainerItemProxy */;
			sourceTree = BUILT_PRODUCTS_DIR;
		};
		D57F69501A26169E0095EA43 /* SquealSpecHelpers.framework */ = {
			isa = PBXReferenceProxy;
			fileType = wrapper.framework;
			path = SquealSpecHelpers.framework;
			remoteRef = D57F694F1A26169E0095EA43 /* PBXContainerItemProxy */;
			sourceTree = BUILT_PRODUCTS_DIR;
		};
/* End PBXReferenceProxy section */

/* Begin PBXResourcesBuildPhase section */
		D515D00419CFFDB600BF7F1A /* Resources */ = {
			isa = PBXResourcesBuildPhase;
			buildActionMask = 2147483647;
			files = (
				D515D01119CFFDB600BF7F1A /* Main.storyboard in Resources */,
				D515D01619CFFDB600BF7F1A /* LaunchScreen.xib in Resources */,
				D515D01319CFFDB600BF7F1A /* Images.xcassets in Resources */,
			);
			runOnlyForDeploymentPostprocessing = 0;
		};
		D515D01919CFFDB600BF7F1A /* Resources */ = {
			isa = PBXResourcesBuildPhase;
			buildActionMask = 2147483647;
			files = (
			);
			runOnlyForDeploymentPostprocessing = 0;
		};
/* End PBXResourcesBuildPhase section */

/* Begin PBXSourcesBuildPhase section */
		D515D00219CFFDB600BF7F1A /* Sources */ = {
			isa = PBXSourcesBuildPhase;
			buildActionMask = 2147483647;
			files = (
				D57F69371A253B1E0095EA43 /* User.swift in Sources */,
				D57F69391A253BE20095EA43 /* DatabaseService.swift in Sources */,
				D515D00E19CFFDB600BF7F1A /* ViewController.swift in Sources */,
				D515D00C19CFFDB600BF7F1A /* AppDelegate.swift in Sources */,
				D5E62DF61A242CB200176D9F /* SecondaryViewController.swift in Sources */,
			);
			runOnlyForDeploymentPostprocessing = 0;
		};
		D515D01719CFFDB600BF7F1A /* Sources */ = {
			isa = PBXSourcesBuildPhase;
			buildActionMask = 2147483647;
			files = (
				D515D02219CFFDB600BF7F1A /* Homework1Tests.swift in Sources */,
			);
			runOnlyForDeploymentPostprocessing = 0;
		};
/* End PBXSourcesBuildPhase section */

/* Begin PBXTargetDependency section */
		D38CD3D21A26B48C00B6CB20 /* PBXTargetDependency */ = {
			isa = PBXTargetDependency;
			name = "Squeal-iOS";
			targetProxy = D38CD3D11A26B48C00B6CB20 /* PBXContainerItemProxy */;
		};
		D515D01D19CFFDB600BF7F1A /* PBXTargetDependency */ = {
			isa = PBXTargetDependency;
			target = D515D00519CFFDB600BF7F1A /* Homework1 */;
			targetProxy = D515D01C19CFFDB600BF7F1A /* PBXContainerItemProxy */;
		};
/* End PBXTargetDependency section */

/* Begin PBXVariantGroup section */
		D515D00F19CFFDB600BF7F1A /* Main.storyboard */ = {
			isa = PBXVariantGroup;
			children = (
				D515D01019CFFDB600BF7F1A /* Base */,
			);
			name = Main.storyboard;
			sourceTree = "<group>";
		};
		D515D01419CFFDB600BF7F1A /* LaunchScreen.xib */ = {
			isa = PBXVariantGroup;
			children = (
				D515D01519CFFDB600BF7F1A /* Base */,
			);
			name = LaunchScreen.xib;
			sourceTree = "<group>";
		};
/* End PBXVariantGroup section */

/* Begin XCBuildConfiguration section */
		D515D02319CFFDB600BF7F1A /* Debug */ = {
			isa = XCBuildConfiguration;
			buildSettings = {
				ALWAYS_SEARCH_USER_PATHS = NO;
				CLANG_CXX_LANGUAGE_STANDARD = "gnu++0x";
				CLANG_CXX_LIBRARY = "libc++";
				CLANG_ENABLE_MODULES = YES;
				CLANG_ENABLE_OBJC_ARC = YES;
				CLANG_WARN_BOOL_CONVERSION = YES;
				CLANG_WARN_CONSTANT_CONVERSION = YES;
				CLANG_WARN_DIRECT_OBJC_ISA_USAGE = YES_ERROR;
				CLANG_WARN_EMPTY_BODY = YES;
				CLANG_WARN_ENUM_CONVERSION = YES;
				CLANG_WARN_INT_CONVERSION = YES;
				CLANG_WARN_OBJC_ROOT_CLASS = YES_ERROR;
				CLANG_WARN_UNREACHABLE_CODE = YES;
				CLANG_WARN__DUPLICATE_METHOD_MATCH = YES;
				"CODE_SIGN_IDENTITY[sdk=iphoneos*]" = "iPhone Developer";
				COPY_PHASE_STRIP = NO;
				ENABLE_STRICT_OBJC_MSGSEND = YES;
				GCC_C_LANGUAGE_STANDARD = gnu99;
				GCC_DYNAMIC_NO_PIC = NO;
				GCC_OPTIMIZATION_LEVEL = 0;
				GCC_PREPROCESSOR_DEFINITIONS = (
					"DEBUG=1",
					"$(inherited)",
				);
				GCC_SYMBOLS_PRIVATE_EXTERN = NO;
				GCC_WARN_64_TO_32_BIT_CONVERSION = YES;
				GCC_WARN_ABOUT_RETURN_TYPE = YES_ERROR;
				GCC_WARN_UNDECLARED_SELECTOR = YES;
				GCC_WARN_UNINITIALIZED_AUTOS = YES_AGGRESSIVE;
				GCC_WARN_UNUSED_FUNCTION = YES;
				GCC_WARN_UNUSED_VARIABLE = YES;
				IPHONEOS_DEPLOYMENT_TARGET = 8.0;
				MTL_ENABLE_DEBUG_INFO = YES;
				ONLY_ACTIVE_ARCH = YES;
				SDKROOT = iphoneos;
				SWIFT_OPTIMIZATION_LEVEL = "-Onone";
				TARGETED_DEVICE_FAMILY = "1,2";
			};
			name = Debug;
		};
		D515D02419CFFDB600BF7F1A /* Release */ = {
			isa = XCBuildConfiguration;
			buildSettings = {
				ALWAYS_SEARCH_USER_PATHS = NO;
				CLANG_CXX_LANGUAGE_STANDARD = "gnu++0x";
				CLANG_CXX_LIBRARY = "libc++";
				CLANG_ENABLE_MODULES = YES;
				CLANG_ENABLE_OBJC_ARC = YES;
				CLANG_WARN_BOOL_CONVERSION = YES;
				CLANG_WARN_CONSTANT_CONVERSION = YES;
				CLANG_WARN_DIRECT_OBJC_ISA_USAGE = YES_ERROR;
				CLANG_WARN_EMPTY_BODY = YES;
				CLANG_WARN_ENUM_CONVERSION = YES;
				CLANG_WARN_INT_CONVERSION = YES;
				CLANG_WARN_OBJC_ROOT_CLASS = YES_ERROR;
				CLANG_WARN_UNREACHABLE_CODE = YES;
				CLANG_WARN__DUPLICATE_METHOD_MATCH = YES;
				"CODE_SIGN_IDENTITY[sdk=iphoneos*]" = "iPhone Developer";
				COPY_PHASE_STRIP = YES;
				ENABLE_NS_ASSERTIONS = NO;
				ENABLE_STRICT_OBJC_MSGSEND = YES;
				GCC_C_LANGUAGE_STANDARD = gnu99;
				GCC_WARN_64_TO_32_BIT_CONVERSION = YES;
				GCC_WARN_ABOUT_RETURN_TYPE = YES_ERROR;
				GCC_WARN_UNDECLARED_SELECTOR = YES;
				GCC_WARN_UNINITIALIZED_AUTOS = YES_AGGRESSIVE;
				GCC_WARN_UNUSED_FUNCTION = YES;
				GCC_WARN_UNUSED_VARIABLE = YES;
				IPHONEOS_DEPLOYMENT_TARGET = 8.0;
				MTL_ENABLE_DEBUG_INFO = NO;
				SDKROOT = iphoneos;
				TARGETED_DEVICE_FAMILY = "1,2";
				VALIDATE_PRODUCT = YES;
			};
			name = Release;
		};
		D515D02619CFFDB600BF7F1A /* Debug */ = {
			isa = XCBuildConfiguration;
			buildSettings = {
				ASSETCATALOG_COMPILER_APPICON_NAME = AppIcon;
				CODE_SIGN_IDENTITY = "iPhone Developer";
				EMBEDDED_CONTENT_CONTAINS_SWIFT = YES;
				INFOPLIST_FILE = Homework1/Info.plist;
				LD_RUNPATH_SEARCH_PATHS = "$(inherited) @executable_path/Frameworks";
				PRODUCT_NAME = "$(TARGET_NAME)";
				SWIFT_INCLUDE_PATHS = "$(PROJECT_DIR)/Externals/Squeal/modules";
				TARGETED_DEVICE_FAMILY = 1;
			};
			name = Debug;
		};
		D515D02719CFFDB600BF7F1A /* Release */ = {
			isa = XCBuildConfiguration;
			buildSettings = {
				ASSETCATALOG_COMPILER_APPICON_NAME = AppIcon;
				CODE_SIGN_IDENTITY = "iPhone Developer";
				EMBEDDED_CONTENT_CONTAINS_SWIFT = YES;
				INFOPLIST_FILE = Homework1/Info.plist;
				LD_RUNPATH_SEARCH_PATHS = "$(inherited) @executable_path/Frameworks";
				PRODUCT_NAME = "$(TARGET_NAME)";
				SWIFT_INCLUDE_PATHS = "$(PROJECT_DIR)/Externals/Squeal/modules";
				TARGETED_DEVICE_FAMILY = 1;
			};
			name = Release;
		};
		D515D02919CFFDB600BF7F1A /* Debug */ = {
			isa = XCBuildConfiguration;
			buildSettings = {
				BUNDLE_LOADER = "$(TEST_HOST)";
				FRAMEWORK_SEARCH_PATHS = (
					"$(SDKROOT)/Developer/Library/Frameworks",
					"$(inherited)",
				);
				GCC_PREPROCESSOR_DEFINITIONS = (
					"DEBUG=1",
					"$(inherited)",
				);
				INFOPLIST_FILE = Homework1Tests/Info.plist;
				LD_RUNPATH_SEARCH_PATHS = "$(inherited) @executable_path/Frameworks @loader_path/Frameworks";
				PRODUCT_NAME = "$(TARGET_NAME)";
				TEST_HOST = "$(BUILT_PRODUCTS_DIR)/Homework1.app/Homework1";
			};
			name = Debug;
		};
		D515D02A19CFFDB600BF7F1A /* Release */ = {
			isa = XCBuildConfiguration;
			buildSettings = {
				BUNDLE_LOADER = "$(TEST_HOST)";
				FRAMEWORK_SEARCH_PATHS = (
					"$(SDKROOT)/Developer/Library/Frameworks",
					"$(inherited)",
				);
				INFOPLIST_FILE = Homework1Tests/Info.plist;
				LD_RUNPATH_SEARCH_PATHS = "$(inherited) @executable_path/Frameworks @loader_path/Frameworks";
				PRODUCT_NAME = "$(TARGET_NAME)";
				TEST_HOST = "$(BUILT_PRODUCTS_DIR)/Homework1.app/Homework1";
			};
			name = Release;
		};
/* End XCBuildConfiguration section */

/* Begin XCConfigurationList section */
		D515D00119CFFDB600BF7F1A /* Build configuration list for PBXProject "Homework1" */ = {
			isa = XCConfigurationList;
			buildConfigurations = (
				D515D02319CFFDB600BF7F1A /* Debug */,
				D515D02419CFFDB600BF7F1A /* Release */,
			);
			defaultConfigurationIsVisible = 0;
			defaultConfigurationName = Release;
		};
		D515D02519CFFDB600BF7F1A /* Build configuration list for PBXNativeTarget "Homework1" */ = {
			isa = XCConfigurationList;
			buildConfigurations = (
				D515D02619CFFDB600BF7F1A /* Debug */,
				D515D02719CFFDB600BF7F1A /* Release */,
			);
			defaultConfigurationIsVisible = 0;
			defaultConfigurationName = Release;
		};
		D515D02819CFFDB600BF7F1A /* Build configuration list for PBXNativeTarget "Homework1Tests" */ = {
			isa = XCConfigurationList;
			buildConfigurations = (
				D515D02919CFFDB600BF7F1A /* Debug */,
				D515D02A19CFFDB600BF7F1A /* Release */,
			);
			defaultConfigurationIsVisible = 0;
			defaultConfigurationName = Release;
		};
/* End XCConfigurationList section */
	};
	rootObject = D515CFFE19CFFDB600BF7F1A /* Project object */;
}
